
Microsoft Visual Studio Solution File, Format Version 12.00
# Visual Studio Version 16
VisualStudioVersion = 16.0.30225.117
MinimumVisualStudioVersion = 10.0.40219.1
Project("{FAE04EC0-301F-11D3-BF4B-00C04F79EFBC}") = "StringOperaApp", "StringOperaApp\StringOperaApp.csproj", "{77011D6B-8F04-469C-AA12-B4DF146D9AA8}"
EndProject
Global
	GlobalSection(SolutionConfigurationPlatforms) = preSolution
		Debug|Any CPU = Debug|Any CPU
		Release|Any CPU = Release|Any CPU
	EndGlobalSection
	GlobalSection(ProjectConfigurationPlatforms) = postSolution
		{77011D6B-8F04-469C-AA12-B4DF146D9AA8}.Debug|Any CPU.ActiveCfg = Debug|Any CPU
		{77011D6B-8F04-469C-AA12-B4DF146D9AA8}.Debug|Any CPU.Build.0 = Debug|Any CPU
		{77011D6B-8F04-469C-AA12-B4DF146D9AA8}.Release|Any CPU.ActiveCfg = Release|Any CPU
		{77011D6B-8F04-469C-AA12-B4DF146D9AA8}.Release|Any CPU.Build.0 = Release|Any CPU
	EndGlobalSection
	GlobalSection(SolutionProperties) = preSolution
		HideSolutionNode = FALSE
	EndGlobalSection
	GlobalSection(ExtensibilityGlobals) = postSolution
		SolutionGuid = {A9198C7B-30E8-463B-9B09-FE63A83DE982}
	EndGlobalSection
EndGlobal
